// !$*UTF8*$!
{
	archiveVersion = 1;
	classes = {
	};
	objectVersion = 50;
	objects = {

/* Begin PBXBuildFile section */
		856F4D5824D615CF00F5FF95 /* AppDelegate.swift in Sources */ = {isa = PBXBuildFile; fileRef = 856F4D5724D615CF00F5FF95 /* AppDelegate.swift */; };
		856F4D5A24D615CF00F5FF95 /* SceneDelegate.swift in Sources */ = {isa = PBXBuildFile; fileRef = 856F4D5924D615CF00F5FF95 /* SceneDelegate.swift */; };
		856F4D5C24D615CF00F5FF95 /* ViewController.swift in Sources */ = {isa = PBXBuildFile; fileRef = 856F4D5B24D615CF00F5FF95 /* ViewController.swift */; };
		856F4D5F24D615CF00F5FF95 /* Main.storyboard in Resources */ = {isa = PBXBuildFile; fileRef = 856F4D5D24D615CF00F5FF95 /* Main.storyboard */; };
		856F4D6124D615D000F5FF95 /* Assets.xcassets in Resources */ = {isa = PBXBuildFile; fileRef = 856F4D6024D615D000F5FF95 /* Assets.xcassets */; };
		856F4D6424D615D000F5FF95 /* LaunchScreen.storyboard in Resources */ = {isa = PBXBuildFile; fileRef = 856F4D6224D615D000F5FF95 /* LaunchScreen.storyboard */; };
		858031E224D842AA000EC664 /* Readme.md in Resources */ = {isa = PBXBuildFile; fileRef = 858031E124D842AA000EC664 /* Readme.md */; };
/* End PBXBuildFile section */

/* Begin PBXFileReference section */
		856F4D5424D615CF00F5FF95 /* SwiftCalculator.app */ = {isa = PBXFileReference; explicitFileType = wrapper.application; includeInIndex = 0; path = SwiftCalculator.app; sourceTree = BUILT_PRODUCTS_DIR; };
		856F4D5724D615CF00F5FF95 /* AppDelegate.swift */ = {isa = PBXFileReference; lastKnownFileType = sourcecode.swift; path = AppDelegate.swift; sourceTree = "<group>"; };
		856F4D5924D615CF00F5FF95 /* SceneDelegate.swift */ = {isa = PBXFileReference; lastKnownFileType = sourcecode.swift; path = SceneDelegate.swift; sourceTree = "<group>"; };
		856F4D5B24D615CF00F5FF95 /* ViewController.swift */ = {isa = PBXFileReference; lastKnownFileType = sourcecode.swift; path = ViewController.swift; sourceTree = "<group>"; };
		856F4D5E24D615CF00F5FF95 /* Base */ = {isa = PBXFileReference; lastKnownFileType = file.storyboard; name = Base; path = Base.lproj/Main.storyboard; sourceTree = "<group>"; };
		856F4D6024D615D000F5FF95 /* Assets.xcassets */ = {isa = PBXFileReference; lastKnownFileType = folder.assetcatalog; path = Assets.xcassets; sourceTree = "<group>"; };
		856F4D6324D615D000F5FF95 /* Base */ = {isa = PBXFileReference; lastKnownFileType = file.storyboard; name = Base; path = Base.lproj/LaunchScreen.storyboard; sourceTree = "<group>"; };
		856F4D6524D615D000F5FF95 /* Info.plist */ = {isa = PBXFileReference; lastKnownFileType = text.plist.xml; path = Info.plist; sourceTree = "<group>"; };
		858031E124D842AA000EC664 /* Readme.md */ = {isa = PBXFileReference; lastKnownFileType = net.daringfireball.markdown; path = Readme.md; sourceTree = "<group>"; };
/* End PBXFileReference section */

/* Begin PBXFrameworksBuildPhase section */
		856F4D5124D615CF00F5FF95 /* Frameworks */ = {
			isa = PBXFrameworksBuildPhase;
			buildActionMask = 2147483647;
			files = (
			);
			runOnlyForDeploymentPostprocessing = 0;
		};
/* End PBXFrameworksBuildPhase section */

/* Begin PBXGroup section */
		856F4D4B24D615CF00F5FF95 = {
			isa = PBXGroup;
			children = (
				858031E124D842AA000EC664 /* Readme.md */,
				856F4D5624D615CF00F5FF95 /* SwiftCalculator */,
				856F4D5524D615CF00F5FF95 /* Products */,
			);
			sourceTree = "<group>";
		};
		856F4D5524D615CF00F5FF95 /* Products */ = {
			isa = PBXGroup;
			children = (
				856F4D5424D615CF00F5FF95 /* SwiftCalculator.app */,
			);
			name = Products;
			sourceTree = "<group>";
		};
		856F4D5624D615CF00F5FF95 /* SwiftCalculator */ = {
			isa = PBXGroup;
			children = (
				856F4D5724D615CF00F5FF95 /* AppDelegate.swift */,
				856F4D5924D615CF00F5FF95 /* SceneDelegate.swift */,
				856F4D5B24D615CF00F5FF95 /* ViewController.swift */,
				856F4D5D24D615CF00F5FF95 /* Main.storyboard */,
				856F4D6024D615D000F5FF95 /* Assets.xcassets */,
				856F4D6224D615D000F5FF95 /* LaunchScreen.storyboard */,
				856F4D6524D615D000F5FF95 /* Info.plist */,
			);
			path = SwiftCalculator;
			sourceTree = "<group>";
		};
/* End PBXGroup section */

/* Begin PBXNativeTarget section */
		856F4D5324D615CF00F5FF95 /* SwiftCalculator */ = {
			isa = PBXNativeTarget;
			buildConfigurationList = 856F4D6824D615D000F5FF95 /* Build configuration list for PBXNativeTarget "SwiftCalculator" */;
			buildPhases = (
				856F4D5024D615CF00F5FF95 /* Sources */,
				856F4D5124D615CF00F5FF95 /* Frameworks */,
				856F4D5224D615CF00F5FF95 /* Resources */,
			);
			buildRules = (
			);
			dependencies = (
			);
			name = SwiftCalculator;
			productName = SwiftCalculator;
			productReference = 856F4D5424D615CF00F5FF95 /* SwiftCalculator.app */;
			productType = "com.apple.product-type.application";
		};
/* End PBXNativeTarget section */

/* Begin PBXProject section */
		856F4D4C24D615CF00F5FF95 /* Project object */ = {
			isa = PBXProject;
			attributes = {
				LastSwiftUpdateCheck = 1160;
				LastUpgradeCheck = 1160;
				ORGANIZATIONNAME = "Timo Schmidt";
				TargetAttributes = {
					856F4D5324D615CF00F5FF95 = {
						CreatedOnToolsVersion = 11.6;
					};
				};
			};
			buildConfigurationList = 856F4D4F24D615CF00F5FF95 /* Build configuration list for PBXProject "SwiftCalculator" */;
			compatibilityVersion = "Xcode 9.3";
			developmentRegion = en;
			hasScannedForEncodings = 0;
			knownRegions = (
				en,
				Base,
			);
			mainGroup = 856F4D4B24D615CF00F5FF95;
			productRefGroup = 856F4D5524D615CF00F5FF95 /* Products */;
			projectDirPath = "";
			projectRoot = "";
			targets = (
				856F4D5324D615CF00F5FF95 /* SwiftCalculator */,
			);
		};
/* End PBXProject section */

/* Begin PBXResourcesBuildPhase section */
		856F4D5224D615CF00F5FF95 /* Resources */ = {
			isa = PBXResourcesBuildPhase;
			buildActionMask = 2147483647;
			files = (
				856F4D6424D615D000F5FF95 /* LaunchScreen.storyboard in Resources */,
				856F4D6124D615D000F5FF95 /* Assets.xcassets in Resources */,
				858031E224D842AA000EC664 /* Readme.md in Resources */,
				856F4D5F24D615CF00F5FF95 /* Main.storyboard in Resources */,
			);
			runOnlyForDeploymentPostprocessing = 0;
		};
/* End PBXResourcesBuildPhase section */

/* Begin PBXSourcesBuildPhase section */
		856F4D5024D615CF00F5FF95 /* Sources */ = {
			isa = PBXSourcesBuildPhase;
			buildActionMask = 2147483647;
			files = (
				856F4D5C24D615CF00F5FF95 /* ViewController.swift in Sources */,
				856F4D5824D615CF00F5FF95 /* AppDelegate.swift in Sources */,
				856F4D5A24D615CF00F5FF95 /* SceneDelegate.swift in Sources */,
			);
			runOnlyForDeploymentPostprocessing = 0;
		};
/* End PBXSourcesBuildPhase section */

/* Begin PBXVariantGroup section */
		856F4D5D24D615CF00F5FF95 /* Main.storyboard */ = {
			isa = PBXVariantGroup;
			children = (
				856F4D5E24D615CF00F5FF95 /* Base */,
			);
			name = Main.storyboard;
			sourceTree = "<group>";
		};
		856F4D6224D615D000F5FF95 /* LaunchScreen.storyboard */ = {
			isa = PBXVariantGroup;
			children = (
				856F4D6324D615D000F5FF95 /* Base */,
			);
			name = LaunchScreen.storyboard;
			sourceTree = "<group>";
		};
/* End PBXVariantGroup section */

/* Begin XCBuildConfiguration section */
		856F4D6624D615D000F5FF95 /* Debug */ = {
			isa = XCBuildConfiguration;
			buildSettings = {
				ALWAYS_SEARCH_USER_PATHS = NO;
				CLANG_ANALYZER_NONNULL = YES;
				CLANG_ANALYZER_NUMBER_OBJECT_CONVERSION = YES_AGGRESSIVE;
				CLANG_CXX_LANGUAGE_STANDARD = "gnu++14";
				CLANG_CXX_LIBRARY = "libc++";
				CLANG_ENABLE_MODULES = YES;
				CLANG_ENABLE_OBJC_ARC = YES;
				CLANG_ENABLE_OBJC_WEAK = YES;
				CLANG_WARN_BLOCK_CAPTURE_AUTORELEASING = YES;
				CLANG_WARN_BOOL_CONVERSION = YES;
				CLANG_WARN_COMMA = YES;
				CLANG_WARN_CONSTANT_CONVERSION = YES;
				CLANG_WARN_DEPRECATED_OBJC_IMPLEMENTATIONS = YES;
				CLANG_WARN_DIRECT_OBJC_ISA_USAGE = YES_ERROR;
				CLANG_WARN_DOCUMENTATION_COMMENTS = YES;
				CLANG_WARN_EMPTY_BODY = YES;
				CLANG_WARN_ENUM_CONVERSION = YES;
				CLANG_WARN_INFINITE_RECURSION = YES;
				CLANG_WARN_INT_CONVERSION = YES;
				CLANG_WARN_NON_LITERAL_NULL_CONVERSION = YES;
				CLANG_WARN_OBJC_IMPLICIT_RETAIN_SELF = YES;
				CLANG_WARN_OBJC_LITERAL_CONVERSION = YES;
				CLANG_WARN_OBJC_ROOT_CLASS = YES_ERROR;
				CLANG_WARN_RANGE_LOOP_ANALYSIS = YES;
				CLANG_WARN_STRICT_PROTOTYPES = YES;
				CLANG_WARN_SUSPICIOUS_MOVE = YES;
				CLANG_WARN_UNGUARDED_AVAILABILITY = YES_AGGRESSIVE;
				CLANG_WARN_UNREACHABLE_CODE = YES;
				CLANG_WARN__DUPLICATE_METHOD_MATCH = YES;
				COPY_PHASE_STRIP = NO;
				DEBUG_INFORMATION_FORMAT = dwarf;
				ENABLE_STRICT_OBJC_MSGSEND = YES;
				ENABLE_TESTABILITY = YES;
				GCC_C_LANGUAGE_STANDARD = gnu11;
				GCC_DYNAMIC_NO_PIC = NO;
				GCC_NO_COMMON_BLOCKS = YES;
				GCC_OPTIMIZATION_LEVEL = 0;
				GCC_PREPROCESSOR_DEFINITIONS = (
					"DEBUG=1",
					"$(inherited)",
				);
				GCC_WARN_64_TO_32_BIT_CONVERSION = YES;
				GCC_WARN_ABOUT_RETURN_TYPE = YES_ERROR;
				GCC_WARN_UNDECLARED_SELECTOR = YES;
				GCC_WARN_UNINITIALIZED_AUTOS = YES_AGGRESSIVE;
				GCC_WARN_UNUSED_FUNCTION = YES;
				GCC_WARN_UNUSED_VARIABLE = YES;
				IPHONEOS_DEPLOYMENT_TARGET = 13.6;
				MTL_ENABLE_DEBUG_INFO = INCLUDE_SOURCE;
				MTL_FAST_MATH = YES;
				ONLY_ACTIVE_ARCH = YES;
				SDKROOT = iphoneos;
				SWIFT_ACTIVE_COMPILATION_CONDITIONS = DEBUG;
				SWIFT_OPTIMIZATION_LEVEL = "-Onone";
			};
			name = Debug;
		};
		856F4D6724D615D000F5FF95 /* Release */ = {
			isa = XCBuildConfiguration;
			buildSettings = {
				ALWAYS_SEARCH_USER_PATHS = NO;
				CLANG_ANALYZER_NONNULL = YES;
				CLANG_ANALYZER_NUMBER_OBJECT_CONVERSION = YES_AGGRESSIVE;
				CLANG_CXX_LANGUAGE_STANDARD = "gnu++14";
				CLANG_CXX_LIBRARY = "libc++";
				CLANG_ENABLE_MODULES = YES;
				CLANG_ENABLE_OBJC_ARC = YES;
				CLANG_ENABLE_OBJC_WEAK = YES;
				CLANG_WARN_BLOCK_CAPTURE_AUTORELEASING = YES;
				CLANG_WARN_BOOL_CONVERSION = YES;
				CLANG_WARN_COMMA = YES;
				CLANG_WARN_CONSTANT_CONVERSION = YES;
				CLANG_WARN_DEPRECATED_OBJC_IMPLEMENTATIONS = YES;
				CLANG_WARN_DIRECT_OBJC_ISA_USAGE = YES_ERROR;
				CLANG_WARN_DOCUMENTATION_COMMENTS = YES;
				CLANG_WARN_EMPTY_BODY = YES;
				CLANG_WARN_ENUM_CONVERSION = YES;
				CLANG_WARN_INFINITE_RECURSION = YES;
				CLANG_WARN_INT_CONVERSION = YES;
				CLANG_WARN_NON_LITERAL_NULL_CONVERSION = YES;
				CLANG_WARN_OBJC_IMPLICIT_RETAIN_SELF = YES;
				CLANG_WARN_OBJC_LITERAL_CONVERSION = YES;
				CLANG_WARN_OBJC_ROOT_CLASS = YES_ERROR;
				CLANG_WARN_RANGE_LOOP_ANALYSIS = YES;
				CLANG_WARN_STRICT_PROTOTYPES = YES;
				CLANG_WARN_SUSPICIOUS_MOVE = YES;
				CLANG_WARN_UNGUARDED_AVAILABILITY = YES_AGGRESSIVE;
				CLANG_WARN_UNREACHABLE_CODE = YES;
				CLANG_WARN__DUPLICATE_METHOD_MATCH = YES;
				COPY_PHASE_STRIP = NO;
				DEBUG_INFORMATION_FORMAT = "dwarf-with-dsym";
				ENABLE_NS_ASSERTIONS = NO;
				ENABLE_STRICT_OBJC_MSGSEND = YES;
				GCC_C_LANGUAGE_STANDARD = gnu11;
				GCC_NO_COMMON_BLOCKS = YES;
				GCC_WARN_64_TO_32_BIT_CONVERSION = YES;
				GCC_WARN_ABOUT_RETURN_TYPE = YES_ERROR;
				GCC_WARN_UNDECLARED_SELECTOR = YES;
				GCC_WARN_UNINITIALIZED_AUTOS = YES_AGGRESSIVE;
				GCC_WARN_UNUSED_FUNCTION = YES;
				GCC_WARN_UNUSED_VARIABLE = YES;
				IPHONEOS_DEPLOYMENT_TARGET = 13.6;
				MTL_ENABLE_DEBUG_INFO = NO;
				MTL_FAST_MATH = YES;
				SDKROOT = iphoneos;
				SWIFT_COMPILATION_MODE = wholemodule;
				SWIFT_OPTIMIZATION_LEVEL = "-O";
				VALIDATE_PRODUCT = YES;
			};
			name = Release;
		};
		856F4D6924D615D000F5FF95 /* Debug */ = {
			isa = XCBuildConfiguration;
			buildSettings = {
				ASSETCATALOG_COMPILER_APPICON_NAME = AppIcon;
				CODE_SIGN_STYLE = Automatic;
				DEVELOPMENT_TEAM = U7D8RHHJ95;
				INFOPLIST_FILE = SwiftCalculator/Info.plist;
				LD_RUNPATH_SEARCH_PATHS = (
					"$(inherited)",
					"@executable_path/Frameworks",
				);
				PRODUCT_BUNDLE_IDENTIFIER = com.timoschmidt.SwiftCalculator;
				PRODUCT_NAME = SwiftCalculator;
				SWIFT_VERSION = 5.0;
				TARGETED_DEVICE_FAMILY = "1,2";
			};
			name = Debug;
		};
		856F4D6A24D615D000F5FF95 /* Release */ = {
			isa = XCBuildConfiguration;
			buildSettings = {
				ASSETCATALOG_COMPILER_APPICON_NAME = AppIcon;
				CODE_SIGN_STYLE = Automatic;
				DEVELOPMENT_TEAM = U7D8RHHJ95;
				INFOPLIST_FILE = SwiftCalculator/Info.plist;
				LD_RUNPATH_SEARCH_PATHS = (
					"$(inherited)",
					"@executable_path/Frameworks",
				);
				PRODUCT_BUNDLE_IDENTIFIER = com.timoschmidt.SwiftCalculator;
				PRODUCT_NAME = SwiftCalculator;
				SWIFT_VERSION = 5.0;
				TARGETED_DEVICE_FAMILY = "1,2";
			};
			name = Release;
		};
/* End XCBuildConfiguration section */

/* Begin XCConfigurationList section */
		856F4D4F24D615CF00F5FF95 /* Build configuration list for PBXProject "SwiftCalculator" */ = {
			isa = XCConfigurationList;
			buildConfigurations = (
				856F4D6624D615D000F5FF95 /* Debug */,
				856F4D6724D615D000F5FF95 /* Release */,
			);
			defaultConfigurationIsVisible = 0;
			defaultConfigurationName = Release;
		};
		856F4D6824D615D000F5FF95 /* Build configuration list for PBXNativeTarget "SwiftCalculator" */ = {
			isa = XCConfigurationList;
			buildConfigurations = (
				856F4D6924D615D000F5FF95 /* Debug */,
				856F4D6A24D615D000F5FF95 /* Release */,
			);
			defaultConfigurationIsVisible = 0;
			defaultConfigurationName = Release;
		};
/* End XCConfigurationList section */
	};
	rootObject = 856F4D4C24D615CF00F5FF95 /* Project object */;
}
